{
  "meteor": {
    "git": "https://github.com/meteor/meteor.git",
    "branch": "master",
    "commit": "16cf8a26218ae4650eb36b25ee55c2b5f6a71a31"
  },
  "dependencies": {
    "basePackages": {
      "typescript": {
        "version": "0.1.3"
      }
    },
    "packages": {
      "typescript": {
        "git": "https://github.com/grmlin/meteor-typescript.git",
        "tag": "v0.1.3",
        "commit": "595acb602e947efef1dfc180d09afcedec68b388"
      }
    }
  }
}
